
Microsoft Visual Studio Solution File, Format Version 12.00
# Visual Studio 15
VisualStudioVersion = 15.0.26730.3
MinimumVisualStudioVersion = 10.0.40219.1
Project("{FAE04EC0-301F-11D3-BF4B-00C04F79EFBC}") = "MartianRobotWeb", "MartianRobotWeb\MartianRobotWeb.csproj", "{FDF29BB2-3A13-4B98-9A2E-16ADEC3A1725}"
EndProject
Project("{FAE04EC0-301F-11D3-BF4B-00C04F79EFBC}") = "BusinessLayer", "BusinessLayer\BusinessLayer.csproj", "{DC5049CA-0E03-423F-827D-9C77E3B5EC59}"
EndProject
Project("{FAE04EC0-301F-11D3-BF4B-00C04F79EFBC}") = "MartianRobotTest", "MartianRobotTest\MartianRobotTest.csproj", "{A694C9D6-7751-40F9-9F55-A183CCFA4E6F}"
EndProject
Global
	GlobalSection(SolutionConfigurationPlatforms) = preSolution
		Debug|Any CPU = Debug|Any CPU
		Release|Any CPU = Release|Any CPU
	EndGlobalSection
	GlobalSection(ProjectConfigurationPlatforms) = postSolution
		{FDF29BB2-3A13-4B98-9A2E-16ADEC3A1725}.Debug|Any CPU.ActiveCfg = Debug|Any CPU
		{FDF29BB2-3A13-4B98-9A2E-16ADEC3A1725}.Debug|Any CPU.Build.0 = Debug|Any CPU
		{FDF29BB2-3A13-4B98-9A2E-16ADEC3A1725}.Release|Any CPU.ActiveCfg = Release|Any CPU
		{FDF29BB2-3A13-4B98-9A2E-16ADEC3A1725}.Release|Any CPU.Build.0 = Release|Any CPU
		{DC5049CA-0E03-423F-827D-9C77E3B5EC59}.Debug|Any CPU.ActiveCfg = Debug|Any CPU
		{DC5049CA-0E03-423F-827D-9C77E3B5EC59}.Debug|Any CPU.Build.0 = Debug|Any CPU
		{DC5049CA-0E03-423F-827D-9C77E3B5EC59}.Release|Any CPU.ActiveCfg = Release|Any CPU
		{DC5049CA-0E03-423F-827D-9C77E3B5EC59}.Release|Any CPU.Build.0 = Release|Any CPU
		{A694C9D6-7751-40F9-9F55-A183CCFA4E6F}.Debug|Any CPU.ActiveCfg = Debug|Any CPU
		{A694C9D6-7751-40F9-9F55-A183CCFA4E6F}.Debug|Any CPU.Build.0 = Debug|Any CPU
		{A694C9D6-7751-40F9-9F55-A183CCFA4E6F}.Release|Any CPU.ActiveCfg = Release|Any CPU
		{A694C9D6-7751-40F9-9F55-A183CCFA4E6F}.Release|Any CPU.Build.0 = Release|Any CPU
	EndGlobalSection
	GlobalSection(SolutionProperties) = preSolution
		HideSolutionNode = FALSE
	EndGlobalSection
	GlobalSection(ExtensibilityGlobals) = postSolution
		SolutionGuid = {865A9D1A-5AA0-4AD7-9995-558878086C7D}
	EndGlobalSection
EndGlobal
